// !$*UTF8*$!
{
	archiveVersion = 1;
	classes = {
	};
	objectVersion = 45;
	objects = {

/* Begin PBXBuildFile section */
		045043D31455D51B00BFC3A0 /* UKFileWatcher.m in Sources */ = {isa = PBXBuildFile; fileRef = 045043CC1455D51B00BFC3A0 /* UKFileWatcher.m */; };
		045043D41455D51B00BFC3A0 /* UKFNSubscribeFileWatcher.m in Sources */ = {isa = PBXBuildFile; fileRef = 045043CE1455D51B00BFC3A0 /* UKFNSubscribeFileWatcher.m */; };
		045043D51455D51B00BFC3A0 /* UKKQueue.m in Sources */ = {isa = PBXBuildFile; fileRef = 045043D01455D51B00BFC3A0 /* UKKQueue.m */; };
		045043D61455D51B00BFC3A0 /* UKMainThreadProxy.m in Sources */ = {isa = PBXBuildFile; fileRef = 045043D21455D51B00BFC3A0 /* UKMainThreadProxy.m */; };
		046973A414145A9500415518 /* AtomApp.m in Sources */ = {isa = PBXBuildFile; fileRef = 046973A314145A9500415518 /* AtomApp.m */; };
		83599F9B13FE0F8400AC37E3 /* WebKit.framework in Frameworks */ = {isa = PBXBuildFile; fileRef = 83599F9A13FE0F8400AC37E3 /* WebKit.framework */; };
		8359A6EE13FE26DA00AC37E3 /* JavaScriptCore.framework in Frameworks */ = {isa = PBXBuildFile; fileRef = 8359A6ED13FE26DA00AC37E3 /* JavaScriptCore.framework */; };
		837D8BA91408FAAA009B6DFA /* AtomController.m in Sources */ = {isa = PBXBuildFile; fileRef = 837D8BA71408FAAA009B6DFA /* AtomController.m */; };
		837D8BAC1408FAB4009B6DFA /* main.m in Sources */ = {isa = PBXBuildFile; fileRef = 837D8BAB1408FAB4009B6DFA /* main.m */; };
		837D8BB41408FAC3009B6DFA /* APPL.icns in Resources */ = {isa = PBXBuildFile; fileRef = 837D8BAD1408FAC3009B6DFA /* APPL.icns */; };
		837D8BB51408FAC3009B6DFA /* Atomicity-Info.plist in Resources */ = {isa = PBXBuildFile; fileRef = 837D8BAE1408FAC3009B6DFA /* Atomicity-Info.plist */; };
		837D8BB61408FAC3009B6DFA /* InfoPlist.strings in Resources */ = {isa = PBXBuildFile; fileRef = 837D8BB01408FAC3009B6DFA /* InfoPlist.strings */; };
		837D8BB71408FAC3009B6DFA /* MainMenu.xib in Resources */ = {isa = PBXBuildFile; fileRef = 837D8BB21408FAC3009B6DFA /* MainMenu.xib */; };
		837D8BD51408FAD4009B6DFA /* BridgeSupportController.m in Sources */ = {isa = PBXBuildFile; fileRef = 837D8BC71408FAD4009B6DFA /* BridgeSupportController.m */; };
		837D8BD71408FAD4009B6DFA /* JSCocoaController.m in Sources */ = {isa = PBXBuildFile; fileRef = 837D8BCB1408FAD4009B6DFA /* JSCocoaController.m */; };
		837D8BD81408FAD4009B6DFA /* JSCocoaFFIArgument.m in Sources */ = {isa = PBXBuildFile; fileRef = 837D8BCD1408FAD4009B6DFA /* JSCocoaFFIArgument.m */; };
		837D8BD91408FAD4009B6DFA /* JSCocoaFFIClosure.m in Sources */ = {isa = PBXBuildFile; fileRef = 837D8BCF1408FAD4009B6DFA /* JSCocoaFFIClosure.m */; };
		837D8BDA1408FAD4009B6DFA /* JSCocoaLib.m in Sources */ = {isa = PBXBuildFile; fileRef = 837D8BD11408FAD4009B6DFA /* JSCocoaLib.m */; };
		837D8BDB1408FAD4009B6DFA /* JSCocoaPrivateObject.m in Sources */ = {isa = PBXBuildFile; fileRef = 837D8BD31408FAD4009B6DFA /* JSCocoaPrivateObject.m */; };
		837D8BE11408FAF5009B6DFA /* AtomWindow.xib in Resources */ = {isa = PBXBuildFile; fileRef = 837D8BE01408FAF5009B6DFA /* AtomWindow.xib */; };
		8D11072F0486CEB800E47090 /* Cocoa.framework in Frameworks */ = {isa = PBXBuildFile; fileRef = 1058C7A1FEA54F0111CA2CBB /* Cocoa.framework */; };
/* End PBXBuildFile section */

/* Begin PBXFileReference section */
		045043CB1455D51B00BFC3A0 /* UKFileWatcher.h */ = {isa = PBXFileReference; fileEncoding = 4; lastKnownFileType = sourcecode.c.h; path = UKFileWatcher.h; sourceTree = "<group>"; };
		045043CC1455D51B00BFC3A0 /* UKFileWatcher.m */ = {isa = PBXFileReference; fileEncoding = 4; lastKnownFileType = sourcecode.c.objc; path = UKFileWatcher.m; sourceTree = "<group>"; };
		045043CD1455D51B00BFC3A0 /* UKFNSubscribeFileWatcher.h */ = {isa = PBXFileReference; fileEncoding = 4; lastKnownFileType = sourcecode.c.h; path = UKFNSubscribeFileWatcher.h; sourceTree = "<group>"; };
		045043CE1455D51B00BFC3A0 /* UKFNSubscribeFileWatcher.m */ = {isa = PBXFileReference; fileEncoding = 4; lastKnownFileType = sourcecode.c.objc; path = UKFNSubscribeFileWatcher.m; sourceTree = "<group>"; };
		045043CF1455D51B00BFC3A0 /* UKKQueue.h */ = {isa = PBXFileReference; fileEncoding = 4; lastKnownFileType = sourcecode.c.h; path = UKKQueue.h; sourceTree = "<group>"; };
		045043D01455D51B00BFC3A0 /* UKKQueue.m */ = {isa = PBXFileReference; fileEncoding = 4; lastKnownFileType = sourcecode.c.objc; path = UKKQueue.m; sourceTree = "<group>"; };
		045043D11455D51B00BFC3A0 /* UKMainThreadProxy.h */ = {isa = PBXFileReference; fileEncoding = 4; lastKnownFileType = sourcecode.c.h; path = UKMainThreadProxy.h; sourceTree = "<group>"; };
		045043D21455D51B00BFC3A0 /* UKMainThreadProxy.m */ = {isa = PBXFileReference; fileEncoding = 4; lastKnownFileType = sourcecode.c.objc; path = UKMainThreadProxy.m; sourceTree = "<group>"; };
		046973A214145A9500415518 /* AtomApp.h */ = {isa = PBXFileReference; fileEncoding = 4; lastKnownFileType = sourcecode.c.h; name = AtomApp.h; path = Classes/AtomApp.h; sourceTree = "<group>"; };
		046973A314145A9500415518 /* AtomApp.m */ = {isa = PBXFileReference; fileEncoding = 4; lastKnownFileType = sourcecode.c.objc; name = AtomApp.m; path = Classes/AtomApp.m; sourceTree = "<group>"; };
		1058C7A1FEA54F0111CA2CBB /* Cocoa.framework */ = {isa = PBXFileReference; lastKnownFileType = wrapper.framework; name = Cocoa.framework; path = /System/Library/Frameworks/Cocoa.framework; sourceTree = "<absolute>"; };
		13E42FB307B3F0F600E4EEF1 /* CoreData.framework */ = {isa = PBXFileReference; lastKnownFileType = wrapper.framework; name = CoreData.framework; path = /System/Library/Frameworks/CoreData.framework; sourceTree = "<absolute>"; };
		29B97324FDCFA39411CA2CEA /* AppKit.framework */ = {isa = PBXFileReference; lastKnownFileType = wrapper.framework; name = AppKit.framework; path = /System/Library/Frameworks/AppKit.framework; sourceTree = "<absolute>"; };
		29B97325FDCFA39411CA2CEA /* Foundation.framework */ = {isa = PBXFileReference; lastKnownFileType = wrapper.framework; name = Foundation.framework; path = /System/Library/Frameworks/Foundation.framework; sourceTree = "<absolute>"; };
		83599F9A13FE0F8400AC37E3 /* WebKit.framework */ = {isa = PBXFileReference; lastKnownFileType = wrapper.framework; name = WebKit.framework; path = System/Library/Frameworks/WebKit.framework; sourceTree = SDKROOT; };
		8359A6ED13FE26DA00AC37E3 /* JavaScriptCore.framework */ = {isa = PBXFileReference; lastKnownFileType = wrapper.framework; name = JavaScriptCore.framework; path = System/Library/Frameworks/JavaScriptCore.framework; sourceTree = SDKROOT; };
		837D8BA61408FAAA009B6DFA /* AtomController.h */ = {isa = PBXFileReference; fileEncoding = 4; lastKnownFileType = sourcecode.c.h; name = AtomController.h; path = Classes/AtomController.h; sourceTree = SOURCE_ROOT; };
		837D8BA71408FAAA009B6DFA /* AtomController.m */ = {isa = PBXFileReference; fileEncoding = 4; lastKnownFileType = sourcecode.c.objc; name = AtomController.m; path = Classes/AtomController.m; sourceTree = SOURCE_ROOT; };
		837D8BAA1408FAB4009B6DFA /* Atomicity_Prefix.pch */ = {isa = PBXFileReference; fileEncoding = 4; lastKnownFileType = sourcecode.c.h; name = Atomicity_Prefix.pch; path = ../../Atomicity/Cocoa/Atomicity_Prefix.pch; sourceTree = SOURCE_ROOT; };
		837D8BAB1408FAB4009B6DFA /* main.m */ = {isa = PBXFileReference; fileEncoding = 4; lastKnownFileType = sourcecode.c.objc; name = main.m; path = ../../Atomicity/Cocoa/main.m; sourceTree = SOURCE_ROOT; };
		837D8BAD1408FAC3009B6DFA /* APPL.icns */ = {isa = PBXFileReference; lastKnownFileType = image.icns; name = APPL.icns; path = ../../Atomicity/Cocoa/APPL.icns; sourceTree = SOURCE_ROOT; };
		837D8BAE1408FAC3009B6DFA /* Atomicity-Info.plist */ = {isa = PBXFileReference; fileEncoding = 4; lastKnownFileType = text.plist.xml; name = "Atomicity-Info.plist"; path = "../../Atomicity/Cocoa/Atomicity-Info.plist"; sourceTree = SOURCE_ROOT; };
		837D8BB11408FAC3009B6DFA /* English */ = {isa = PBXFileReference; fileEncoding = 4; lastKnownFileType = text.plist.strings; name = English; path = InfoPlist.strings; sourceTree = "<group>"; };
		837D8BB31408FAC3009B6DFA /* English */ = {isa = PBXFileReference; lastKnownFileType = file.xib; name = English; path = MainMenu.xib; sourceTree = "<group>"; };
		837D8BC61408FAD4009B6DFA /* BridgeSupportController.h */ = {isa = PBXFileReference; fileEncoding = 4; lastKnownFileType = sourcecode.c.h; path = BridgeSupportController.h; sourceTree = "<group>"; };
		837D8BC71408FAD4009B6DFA /* BridgeSupportController.m */ = {isa = PBXFileReference; fileEncoding = 4; lastKnownFileType = sourcecode.c.objc; path = BridgeSupportController.m; sourceTree = "<group>"; };
		837D8BC81408FAD4009B6DFA /* class.js */ = {isa = PBXFileReference; fileEncoding = 4; lastKnownFileType = sourcecode.javascript; path = class.js; sourceTree = "<group>"; };
		837D8BC91408FAD4009B6DFA /* JSCocoa.h */ = {isa = PBXFileReference; fileEncoding = 4; lastKnownFileType = sourcecode.c.h; path = JSCocoa.h; sourceTree = "<group>"; };
		837D8BCA1408FAD4009B6DFA /* JSCocoaController.h */ = {isa = PBXFileReference; fileEncoding = 4; lastKnownFileType = sourcecode.c.h; path = JSCocoaController.h; sourceTree = "<group>"; };
		837D8BCB1408FAD4009B6DFA /* JSCocoaController.m */ = {isa = PBXFileReference; fileEncoding = 4; lastKnownFileType = sourcecode.c.objc; path = JSCocoaController.m; sourceTree = "<group>"; };
		837D8BCC1408FAD4009B6DFA /* JSCocoaFFIArgument.h */ = {isa = PBXFileReference; fileEncoding = 4; lastKnownFileType = sourcecode.c.h; path = JSCocoaFFIArgument.h; sourceTree = "<group>"; };
		837D8BCD1408FAD4009B6DFA /* JSCocoaFFIArgument.m */ = {isa = PBXFileReference; fileEncoding = 4; lastKnownFileType = sourcecode.c.objc; path = JSCocoaFFIArgument.m; sourceTree = "<group>"; };
		837D8BCE1408FAD4009B6DFA /* JSCocoaFFIClosure.h */ = {isa = PBXFileReference; fileEncoding = 4; lastKnownFileType = sourcecode.c.h; path = JSCocoaFFIClosure.h; sourceTree = "<group>"; };
		837D8BCF1408FAD4009B6DFA /* JSCocoaFFIClosure.m */ = {isa = PBXFileReference; fileEncoding = 4; lastKnownFileType = sourcecode.c.objc; path = JSCocoaFFIClosure.m; sourceTree = "<group>"; };
		837D8BD01408FAD4009B6DFA /* JSCocoaLib.h */ = {isa = PBXFileReference; fileEncoding = 4; lastKnownFileType = sourcecode.c.h; path = JSCocoaLib.h; sourceTree = "<group>"; };
		837D8BD11408FAD4009B6DFA /* JSCocoaLib.m */ = {isa = PBXFileReference; fileEncoding = 4; lastKnownFileType = sourcecode.c.objc; path = JSCocoaLib.m; sourceTree = "<group>"; };
		837D8BD21408FAD4009B6DFA /* JSCocoaPrivateObject.h */ = {isa = PBXFileReference; fileEncoding = 4; lastKnownFileType = sourcecode.c.h; path = JSCocoaPrivateObject.h; sourceTree = "<group>"; };
		837D8BD31408FAD4009B6DFA /* JSCocoaPrivateObject.m */ = {isa = PBXFileReference; fileEncoding = 4; lastKnownFileType = sourcecode.c.objc; path = JSCocoaPrivateObject.m; sourceTree = "<group>"; };
		837D8BE01408FAF5009B6DFA /* AtomWindow.xib */ = {isa = PBXFileReference; lastKnownFileType = file.xib; name = AtomWindow.xib; path = ../../Atomicity/Cocoa/xibs/AtomWindow.xib; sourceTree = SOURCE_ROOT; };
		8D1107320486CEB800E47090 /* Atomicity.app */ = {isa = PBXFileReference; explicitFileType = wrapper.application; includeInIndex = 0; path = Atomicity.app; sourceTree = BUILT_PRODUCTS_DIR; };
/* End PBXFileReference section */

/* Begin PBXFrameworksBuildPhase section */
		8D11072E0486CEB800E47090 /* Frameworks */ = {
			isa = PBXFrameworksBuildPhase;
			buildActionMask = 2147483647;
			files = (
				8D11072F0486CEB800E47090 /* Cocoa.framework in Frameworks */,
				83599F9B13FE0F8400AC37E3 /* WebKit.framework in Frameworks */,
				8359A6EE13FE26DA00AC37E3 /* JavaScriptCore.framework in Frameworks */,
			);
			runOnlyForDeploymentPostprocessing = 0;
		};
/* End PBXFrameworksBuildPhase section */

/* Begin PBXGroup section */
		045043CA1455D51B00BFC3A0 /* UKKQueue */ = {
			isa = PBXGroup;
			children = (
				045043CB1455D51B00BFC3A0 /* UKFileWatcher.h */,
				045043CC1455D51B00BFC3A0 /* UKFileWatcher.m */,
				045043CD1455D51B00BFC3A0 /* UKFNSubscribeFileWatcher.h */,
				045043CE1455D51B00BFC3A0 /* UKFNSubscribeFileWatcher.m */,
				045043CF1455D51B00BFC3A0 /* UKKQueue.h */,
				045043D01455D51B00BFC3A0 /* UKKQueue.m */,
				045043D11455D51B00BFC3A0 /* UKMainThreadProxy.h */,
				045043D21455D51B00BFC3A0 /* UKMainThreadProxy.m */,
			);
			path = UKKQueue;
			sourceTree = "<group>";
		};
		080E96DDFE201D6D7F000001 /* Classes */ = {
			isa = PBXGroup;
			children = (
				046973A214145A9500415518 /* AtomApp.h */,
				046973A314145A9500415518 /* AtomApp.m */,
				837D8BA61408FAAA009B6DFA /* AtomController.h */,
				837D8BA71408FAAA009B6DFA /* AtomController.m */,
				29B97315FDCFA39411CA2CEA /* Other Sources */,
			);
			name = Classes;
			sourceTree = "<group>";
		};
		1058C7A0FEA54F0111CA2CBB /* Linked Frameworks */ = {
			isa = PBXGroup;
			children = (
				1058C7A1FEA54F0111CA2CBB /* Cocoa.framework */,
				83599F9A13FE0F8400AC37E3 /* WebKit.framework */,
				8359A6ED13FE26DA00AC37E3 /* JavaScriptCore.framework */,
			);
			name = "Linked Frameworks";
			sourceTree = "<group>";
		};
		1058C7A2FEA54F0111CA2CBB /* Other Frameworks */ = {
			isa = PBXGroup;
			children = (
				29B97324FDCFA39411CA2CEA /* AppKit.framework */,
				13E42FB307B3F0F600E4EEF1 /* CoreData.framework */,
				29B97325FDCFA39411CA2CEA /* Foundation.framework */,
			);
			name = "Other Frameworks";
			sourceTree = "<group>";
		};
		19C28FACFE9D520D11CA2CBB /* Products */ = {
			isa = PBXGroup;
			children = (
				8D1107320486CEB800E47090 /* Atomicity.app */,
			);
			name = Products;
			sourceTree = "<group>";
		};
		29B97314FDCFA39411CA2CEA /* Atomicity */ = {
			isa = PBXGroup;
			children = (
				080E96DDFE201D6D7F000001 /* Classes */,
				29B97317FDCFA39411CA2CEA /* Resources */,
				837D8BC51408FAD4009B6DFA /* JSCocoa */,
				045043CA1455D51B00BFC3A0 /* UKKQueue */,
				29B97323FDCFA39411CA2CEA /* Frameworks */,
				19C28FACFE9D520D11CA2CBB /* Products */,
			);
			name = Atomicity;
			sourceTree = "<group>";
		};
		29B97315FDCFA39411CA2CEA /* Other Sources */ = {
			isa = PBXGroup;
			children = (
				837D8BAA1408FAB4009B6DFA /* Atomicity_Prefix.pch */,
				837D8BAB1408FAB4009B6DFA /* main.m */,
			);
			name = "Other Sources";
			sourceTree = "<group>";
		};
		29B97317FDCFA39411CA2CEA /* Resources */ = {
			isa = PBXGroup;
			children = (
				837D8BAD1408FAC3009B6DFA /* APPL.icns */,
				837D8BAE1408FAC3009B6DFA /* Atomicity-Info.plist */,
				837D8BB01408FAC3009B6DFA /* InfoPlist.strings */,
				837D8BE01408FAF5009B6DFA /* AtomWindow.xib */,
				837D8BB21408FAC3009B6DFA /* MainMenu.xib */,
			);
			name = Resources;
			sourceTree = "<group>";
		};
		29B97323FDCFA39411CA2CEA /* Frameworks */ = {
			isa = PBXGroup;
			children = (
				1058C7A0FEA54F0111CA2CBB /* Linked Frameworks */,
				1058C7A2FEA54F0111CA2CBB /* Other Frameworks */,
			);
			name = Frameworks;
			sourceTree = "<group>";
		};
		837D8BC51408FAD4009B6DFA /* JSCocoa */ = {
			isa = PBXGroup;
			children = (
				837D8BC61408FAD4009B6DFA /* BridgeSupportController.h */,
				837D8BC71408FAD4009B6DFA /* BridgeSupportController.m */,
				837D8BC81408FAD4009B6DFA /* class.js */,
				837D8BC91408FAD4009B6DFA /* JSCocoa.h */,
				837D8BCA1408FAD4009B6DFA /* JSCocoaController.h */,
				837D8BCB1408FAD4009B6DFA /* JSCocoaController.m */,
				837D8BCC1408FAD4009B6DFA /* JSCocoaFFIArgument.h */,
				837D8BCD1408FAD4009B6DFA /* JSCocoaFFIArgument.m */,
				837D8BCE1408FAD4009B6DFA /* JSCocoaFFIClosure.h */,
				837D8BCF1408FAD4009B6DFA /* JSCocoaFFIClosure.m */,
				837D8BD01408FAD4009B6DFA /* JSCocoaLib.h */,
				837D8BD11408FAD4009B6DFA /* JSCocoaLib.m */,
				837D8BD21408FAD4009B6DFA /* JSCocoaPrivateObject.h */,
				837D8BD31408FAD4009B6DFA /* JSCocoaPrivateObject.m */,
			);
			name = JSCocoa;
			path = ../../Atomicity/Cocoa/JSCocoa;
			sourceTree = SOURCE_ROOT;
		};
/* End PBXGroup section */

/* Begin PBXNativeTarget section */
		8D1107260486CEB800E47090 /* Atomicity */ = {
			isa = PBXNativeTarget;
			buildConfigurationList = C01FCF4A08A954540054247B /* Build configuration list for PBXNativeTarget "Atomicity" */;
			buildPhases = (
				8D1107290486CEB800E47090 /* Resources */,
				8D11072C0486CEB800E47090 /* Sources */,
				8D11072E0486CEB800E47090 /* Frameworks */,
				8393439613FE480600EF93FB /* Copy HTML folder & compile CoffeeScript */,
			);
			buildRules = (
			);
			dependencies = (
			);
			name = Atomicity;
			productInstallPath = "$(HOME)/Applications";
			productName = Atomicity;
			productReference = 8D1107320486CEB800E47090 /* Atomicity.app */;
			productType = "com.apple.product-type.application";
		};
/* End PBXNativeTarget section */

/* Begin PBXProject section */
		29B97313FDCFA39411CA2CEA /* Project object */ = {
			isa = PBXProject;
			buildConfigurationList = C01FCF4E08A954540054247B /* Build configuration list for PBXProject "Atomicity" */;
			compatibilityVersion = "Xcode 3.1";
			developmentRegion = English;
			hasScannedForEncodings = 1;
			knownRegions = (
				English,
				Japanese,
				French,
				German,
			);
			mainGroup = 29B97314FDCFA39411CA2CEA /* Atomicity */;
			projectDirPath = "";
			projectRoot = Cocoa;
			targets = (
				8D1107260486CEB800E47090 /* Atomicity */,
			);
		};
/* End PBXProject section */

/* Begin PBXResourcesBuildPhase section */
		8D1107290486CEB800E47090 /* Resources */ = {
			isa = PBXResourcesBuildPhase;
			buildActionMask = 2147483647;
			files = (
				837D8BB41408FAC3009B6DFA /* APPL.icns in Resources */,
				837D8BB51408FAC3009B6DFA /* Atomicity-Info.plist in Resources */,
				837D8BB61408FAC3009B6DFA /* InfoPlist.strings in Resources */,
				837D8BB71408FAC3009B6DFA /* MainMenu.xib in Resources */,
				837D8BE11408FAF5009B6DFA /* AtomWindow.xib in Resources */,
			);
			runOnlyForDeploymentPostprocessing = 0;
		};
/* End PBXResourcesBuildPhase section */

/* Begin PBXShellScriptBuildPhase section */
		8393439613FE480600EF93FB /* Copy HTML folder & compile CoffeeScript */ = {
			isa = PBXShellScriptBuildPhase;
			buildActionMask = 2147483647;
			files = (
			);
			inputPaths = (
			);
			name = "Copy HTML folder & compile CoffeeScript";
			outputPaths = (
			);
			runOnlyForDeploymentPostprocessing = 0;
			shellPath = /bin/sh;
			shellScript = "rake build";
			showEnvVarsInLog = 0;
		};
/* End PBXShellScriptBuildPhase section */

/* Begin PBXSourcesBuildPhase section */
		8D11072C0486CEB800E47090 /* Sources */ = {
			isa = PBXSourcesBuildPhase;
			buildActionMask = 2147483647;
			files = (
				837D8BA91408FAAA009B6DFA /* AtomController.m in Sources */,
				837D8BAC1408FAB4009B6DFA /* main.m in Sources */,
				837D8BD51408FAD4009B6DFA /* BridgeSupportController.m in Sources */,
				837D8BD71408FAD4009B6DFA /* JSCocoaController.m in Sources */,
				837D8BD81408FAD4009B6DFA /* JSCocoaFFIArgument.m in Sources */,
				837D8BD91408FAD4009B6DFA /* JSCocoaFFIClosure.m in Sources */,
				837D8BDA1408FAD4009B6DFA /* JSCocoaLib.m in Sources */,
				837D8BDB1408FAD4009B6DFA /* JSCocoaPrivateObject.m in Sources */,
				046973A414145A9500415518 /* AtomApp.m in Sources */,
				045043D31455D51B00BFC3A0 /* UKFileWatcher.m in Sources */,
				045043D41455D51B00BFC3A0 /* UKFNSubscribeFileWatcher.m in Sources */,
				045043D51455D51B00BFC3A0 /* UKKQueue.m in Sources */,
				045043D61455D51B00BFC3A0 /* UKMainThreadProxy.m in Sources */,
			);
			runOnlyForDeploymentPostprocessing = 0;
		};
/* End PBXSourcesBuildPhase section */

/* Begin PBXVariantGroup section */
		837D8BB01408FAC3009B6DFA /* InfoPlist.strings */ = {
			isa = PBXVariantGroup;
			children = (
				837D8BB11408FAC3009B6DFA /* English */,
			);
			name = InfoPlist.strings;
			path = ../../Atomicity/Cocoa/English.lproj;
			sourceTree = "<group>";
		};
		837D8BB21408FAC3009B6DFA /* MainMenu.xib */ = {
			isa = PBXVariantGroup;
			children = (
				837D8BB31408FAC3009B6DFA /* English */,
			);
			name = MainMenu.xib;
			path = ../../Atomicity/Cocoa/English.lproj;
			sourceTree = "<group>";
		};
/* End PBXVariantGroup section */

/* Begin XCBuildConfiguration section */
		C01FCF4B08A954540054247B /* Debug */ = {
			isa = XCBuildConfiguration;
			buildSettings = {
				ALWAYS_SEARCH_USER_PATHS = NO;
				COPY_PHASE_STRIP = NO;
				FRAMEWORK_SEARCH_PATHS = (
					"$(inherited)",
					"\"$(SRCROOT)\"",
				);
				GCC_DYNAMIC_NO_PIC = NO;
				GCC_ENABLE_FIX_AND_CONTINUE = YES;
				GCC_MODEL_TUNING = G5;
				GCC_OPTIMIZATION_LEVEL = 0;
				GCC_PRECOMPILE_PREFIX_HEADER = YES;
				GCC_PREFIX_HEADER = Atomicity_Prefix.pch;
				INFOPLIST_FILE = "Atomicity-Info.plist";
				INSTALL_PATH = "$(HOME)/Applications";
				PRODUCT_NAME = Atomicity;
			};
			name = Debug;
		};
		C01FCF4C08A954540054247B /* Release */ = {
			isa = XCBuildConfiguration;
			buildSettings = {
				ALWAYS_SEARCH_USER_PATHS = NO;
				DEBUG_INFORMATION_FORMAT = "dwarf-with-dsym";
				FRAMEWORK_SEARCH_PATHS = (
					"$(inherited)",
					"\"$(SRCROOT)\"",
				);
				GCC_MODEL_TUNING = G5;
				GCC_PRECOMPILE_PREFIX_HEADER = YES;
				GCC_PREFIX_HEADER = Atomicity_Prefix.pch;
				INFOPLIST_FILE = "Atomicity-Info.plist";
				INSTALL_PATH = "$(HOME)/Applications";
				PRODUCT_NAME = Atomicity;
			};
			name = Release;
		};
		C01FCF4F08A954540054247B /* Debug */ = {
			isa = XCBuildConfiguration;
			buildSettings = {
				ARCHS = "$(ARCHS_STANDARD_32_64_BIT)";
				GCC_C_LANGUAGE_STANDARD = gnu99;
				GCC_OPTIMIZATION_LEVEL = 0;
				GCC_WARN_ABOUT_RETURN_TYPE = YES;
				GCC_WARN_UNUSED_VARIABLE = YES;
				INFOPLIST_FILE = "";
				ONLY_ACTIVE_ARCH = YES;
				OTHER_LDFLAGS = (
					"-lxml2",
					"-lffi",
				);
				PREBINDING = NO;
			};
			name = Debug;
		};
		C01FCF5008A954540054247B /* Release */ = {
			isa = XCBuildConfiguration;
			buildSettings = {
				ARCHS = "$(ARCHS_STANDARD_32_64_BIT)";
				GCC_C_LANGUAGE_STANDARD = gnu99;
				GCC_WARN_ABOUT_RETURN_TYPE = YES;
				GCC_WARN_UNUSED_VARIABLE = YES;
				INFOPLIST_FILE = "";
				OTHER_LDFLAGS = (
					"-lxml2",
					"-lffi",
				);
				PREBINDING = NO;
			};
			name = Release;
		};
/* End XCBuildConfiguration section */

/* Begin XCConfigurationList section */
		C01FCF4A08A954540054247B /* Build configuration list for PBXNativeTarget "Atomicity" */ = {
			isa = XCConfigurationList;
			buildConfigurations = (
				C01FCF4B08A954540054247B /* Debug */,
				C01FCF4C08A954540054247B /* Release */,
			);
			defaultConfigurationIsVisible = 0;
			defaultConfigurationName = Release;
		};
		C01FCF4E08A954540054247B /* Build configuration list for PBXProject "Atomicity" */ = {
			isa = XCConfigurationList;
			buildConfigurations = (
				C01FCF4F08A954540054247B /* Debug */,
				C01FCF5008A954540054247B /* Release */,
			);
			defaultConfigurationIsVisible = 0;
			defaultConfigurationName = Release;
		};
/* End XCConfigurationList section */
	};
	rootObject = 29B97313FDCFA39411CA2CEA /* Project object */;
}
