// !$*UTF8*$!
{
	archiveVersion = 1;
	classes = {
	};
	objectVersion = 45;
	objects = {

/* Begin PBXBuildFile section */
		1DDD58160DA1D0A300B32029 /* MainMenu.xib in Resources */ = {isa = PBXBuildFile; fileRef = 1DDD58140DA1D0A300B32029 /* MainMenu.xib */; };
		256AC3DA0F4B6AC300CF3369 /* AtomicityAppDelegate.m in Sources */ = {isa = PBXBuildFile; fileRef = 256AC3D90F4B6AC300CF3369 /* AtomicityAppDelegate.m */; };
		83599F9B13FE0F8400AC37E3 /* WebKit.framework in Frameworks */ = {isa = PBXBuildFile; fileRef = 83599F9A13FE0F8400AC37E3 /* WebKit.framework */; };
		83599FEE13FE15F800AC37E3 /* index.html in Resources */ = {isa = PBXBuildFile; fileRef = 83599FED13FE15F800AC37E3 /* index.html */; };
		8359A04C13FE18FD00AC37E3 /* gh.png in Resources */ = {isa = PBXBuildFile; fileRef = 8359A04B13FE18FD00AC37E3 /* gh.png */; };
		8359A66413FE1FE900AC37E3 /* ace-uncompressed.js in Resources */ = {isa = PBXBuildFile; fileRef = 8359A60613FE1FCA00AC37E3 /* ace-uncompressed.js */; };
		8359A66513FE1FE900AC37E3 /* ace.js in Resources */ = {isa = PBXBuildFile; fileRef = 8359A60713FE1FCA00AC37E3 /* ace.js */; };
		8359A66613FE1FE900AC37E3 /* keybinding-emacs.js in Resources */ = {isa = PBXBuildFile; fileRef = 8359A60813FE1FCA00AC37E3 /* keybinding-emacs.js */; };
		8359A66713FE1FE900AC37E3 /* keybinding-vim.js in Resources */ = {isa = PBXBuildFile; fileRef = 8359A60913FE1FCA00AC37E3 /* keybinding-vim.js */; };
		8359A66813FE1FE900AC37E3 /* mode-c_cpp.js in Resources */ = {isa = PBXBuildFile; fileRef = 8359A60A13FE1FCA00AC37E3 /* mode-c_cpp.js */; };
		8359A66913FE1FE900AC37E3 /* mode-clojure.js in Resources */ = {isa = PBXBuildFile; fileRef = 8359A60B13FE1FCA00AC37E3 /* mode-clojure.js */; };
		8359A66A13FE1FE900AC37E3 /* mode-coffee.js in Resources */ = {isa = PBXBuildFile; fileRef = 8359A60C13FE1FCA00AC37E3 /* mode-coffee.js */; };
		8359A66B13FE1FE900AC37E3 /* mode-csharp.js in Resources */ = {isa = PBXBuildFile; fileRef = 8359A60D13FE1FCA00AC37E3 /* mode-csharp.js */; };
		8359A66C13FE1FE900AC37E3 /* mode-css.js in Resources */ = {isa = PBXBuildFile; fileRef = 8359A60E13FE1FCA00AC37E3 /* mode-css.js */; };
		8359A66D13FE1FE900AC37E3 /* mode-groovy.js in Resources */ = {isa = PBXBuildFile; fileRef = 8359A60F13FE1FCA00AC37E3 /* mode-groovy.js */; };
		8359A66E13FE1FE900AC37E3 /* mode-html.js in Resources */ = {isa = PBXBuildFile; fileRef = 8359A61013FE1FCA00AC37E3 /* mode-html.js */; };
		8359A66F13FE1FE900AC37E3 /* mode-java.js in Resources */ = {isa = PBXBuildFile; fileRef = 8359A61113FE1FCA00AC37E3 /* mode-java.js */; };
		8359A67013FE1FE900AC37E3 /* mode-javascript.js in Resources */ = {isa = PBXBuildFile; fileRef = 8359A61213FE1FCA00AC37E3 /* mode-javascript.js */; };
		8359A67113FE1FE900AC37E3 /* mode-json.js in Resources */ = {isa = PBXBuildFile; fileRef = 8359A61313FE1FCA00AC37E3 /* mode-json.js */; };
		8359A67213FE1FE900AC37E3 /* mode-markdown.js in Resources */ = {isa = PBXBuildFile; fileRef = 8359A61413FE1FCA00AC37E3 /* mode-markdown.js */; };
		8359A67313FE1FE900AC37E3 /* mode-ocaml.js in Resources */ = {isa = PBXBuildFile; fileRef = 8359A61513FE1FCA00AC37E3 /* mode-ocaml.js */; };
		8359A67413FE1FE900AC37E3 /* mode-perl.js in Resources */ = {isa = PBXBuildFile; fileRef = 8359A61613FE1FCA00AC37E3 /* mode-perl.js */; };
		8359A67513FE1FE900AC37E3 /* mode-php.js in Resources */ = {isa = PBXBuildFile; fileRef = 8359A61713FE1FCA00AC37E3 /* mode-php.js */; };
		8359A67613FE1FE900AC37E3 /* mode-python.js in Resources */ = {isa = PBXBuildFile; fileRef = 8359A61813FE1FCA00AC37E3 /* mode-python.js */; };
		8359A67713FE1FE900AC37E3 /* mode-ruby.js in Resources */ = {isa = PBXBuildFile; fileRef = 8359A61913FE1FCA00AC37E3 /* mode-ruby.js */; };
		8359A67813FE1FE900AC37E3 /* mode-scad.js in Resources */ = {isa = PBXBuildFile; fileRef = 8359A61A13FE1FCA00AC37E3 /* mode-scad.js */; };
		8359A67913FE1FE900AC37E3 /* mode-scala.js in Resources */ = {isa = PBXBuildFile; fileRef = 8359A61B13FE1FCA00AC37E3 /* mode-scala.js */; };
		8359A67A13FE1FE900AC37E3 /* mode-scss.js in Resources */ = {isa = PBXBuildFile; fileRef = 8359A61C13FE1FCA00AC37E3 /* mode-scss.js */; };
		8359A67B13FE1FE900AC37E3 /* mode-svg.js in Resources */ = {isa = PBXBuildFile; fileRef = 8359A61D13FE1FCA00AC37E3 /* mode-svg.js */; };
		8359A67C13FE1FE900AC37E3 /* mode-textile.js in Resources */ = {isa = PBXBuildFile; fileRef = 8359A61E13FE1FCA00AC37E3 /* mode-textile.js */; };
		8359A67D13FE1FE900AC37E3 /* mode-xml.js in Resources */ = {isa = PBXBuildFile; fileRef = 8359A61F13FE1FCA00AC37E3 /* mode-xml.js */; };
		8359A68B13FE1FE900AC37E3 /* theme-solarized_dark.js in Resources */ = {isa = PBXBuildFile; fileRef = 8359A62D13FE1FCA00AC37E3 /* theme-solarized_dark.js */; };
		8359A68C13FE1FE900AC37E3 /* theme-solarized_light.js in Resources */ = {isa = PBXBuildFile; fileRef = 8359A62E13FE1FCA00AC37E3 /* theme-solarized_light.js */; };
		8359A68D13FE1FE900AC37E3 /* theme-textmate.js in Resources */ = {isa = PBXBuildFile; fileRef = 8359A62F13FE1FCA00AC37E3 /* theme-textmate.js */; };
		8359A68E13FE1FE900AC37E3 /* theme-twilight.js in Resources */ = {isa = PBXBuildFile; fileRef = 8359A63013FE1FCA00AC37E3 /* theme-twilight.js */; };
		8359A68F13FE1FE900AC37E3 /* theme-vibrant_ink.js in Resources */ = {isa = PBXBuildFile; fileRef = 8359A63113FE1FCA00AC37E3 /* theme-vibrant_ink.js */; };
		8359A69013FE1FE900AC37E3 /* worker-coffee.js in Resources */ = {isa = PBXBuildFile; fileRef = 8359A63213FE1FCA00AC37E3 /* worker-coffee.js */; };
		8359A69113FE1FE900AC37E3 /* worker-css.js in Resources */ = {isa = PBXBuildFile; fileRef = 8359A63313FE1FCA00AC37E3 /* worker-css.js */; };
		8359A69213FE1FE900AC37E3 /* worker-javascript.js in Resources */ = {isa = PBXBuildFile; fileRef = 8359A63413FE1FCA00AC37E3 /* worker-javascript.js */; };
		8359A6EE13FE26DA00AC37E3 /* JavaScriptCore.framework in Frameworks */ = {isa = PBXBuildFile; fileRef = 8359A6ED13FE26DA00AC37E3 /* JavaScriptCore.framework */; };
		8359A72213FE270F00AC37E3 /* BridgeSupportController.m in Sources */ = {isa = PBXBuildFile; fileRef = 8359A6F913FE270F00AC37E3 /* BridgeSupportController.m */; };
		8359A72313FE270F00AC37E3 /* class.js in Sources */ = {isa = PBXBuildFile; fileRef = 8359A6FA13FE270F00AC37E3 /* class.js */; };
		8359A72F13FE270F00AC37E3 /* JSCocoaController.m in Sources */ = {isa = PBXBuildFile; fileRef = 8359A71813FE270F00AC37E3 /* JSCocoaController.m */; };
		8359A73013FE270F00AC37E3 /* JSCocoaFFIArgument.m in Sources */ = {isa = PBXBuildFile; fileRef = 8359A71A13FE270F00AC37E3 /* JSCocoaFFIArgument.m */; };
		8359A73113FE270F00AC37E3 /* JSCocoaFFIClosure.m in Sources */ = {isa = PBXBuildFile; fileRef = 8359A71C13FE270F00AC37E3 /* JSCocoaFFIClosure.m */; };
		8359A73213FE270F00AC37E3 /* JSCocoaLib.m in Sources */ = {isa = PBXBuildFile; fileRef = 8359A71E13FE270F00AC37E3 /* JSCocoaLib.m */; };
		8359A73313FE270F00AC37E3 /* JSCocoaPrivateObject.m in Sources */ = {isa = PBXBuildFile; fileRef = 8359A72013FE270F00AC37E3 /* JSCocoaPrivateObject.m */; };
		8359A73413FE270F00AC37E3 /* jslint-jscocoa.js in Sources */ = {isa = PBXBuildFile; fileRef = 8359A72113FE270F00AC37E3 /* jslint-jscocoa.js */; };
		8393431213FE39D800EF93FB /* underscore.js in Sources */ = {isa = PBXBuildFile; fileRef = 8393431113FE39D800EF93FB /* underscore.js */; };
		8393431313FE39E100EF93FB /* underscore.js in Resources */ = {isa = PBXBuildFile; fileRef = 8393431113FE39D800EF93FB /* underscore.js */; };
		8D11072B0486CEB800E47090 /* InfoPlist.strings in Resources */ = {isa = PBXBuildFile; fileRef = 089C165CFE840E0CC02AAC07 /* InfoPlist.strings */; };
		8D11072D0486CEB800E47090 /* main.m in Sources */ = {isa = PBXBuildFile; fileRef = 29B97316FDCFA39411CA2CEA /* main.m */; settings = {ATTRIBUTES = (); }; };
		8D11072F0486CEB800E47090 /* Cocoa.framework in Frameworks */ = {isa = PBXBuildFile; fileRef = 1058C7A1FEA54F0111CA2CBB /* Cocoa.framework */; };
/* End PBXBuildFile section */

/* Begin PBXFileReference section */
		089C165DFE840E0CC02AAC07 /* English */ = {isa = PBXFileReference; fileEncoding = 4; lastKnownFileType = text.plist.strings; name = English; path = English.lproj/InfoPlist.strings; sourceTree = "<group>"; };
		1058C7A1FEA54F0111CA2CBB /* Cocoa.framework */ = {isa = PBXFileReference; lastKnownFileType = wrapper.framework; name = Cocoa.framework; path = /System/Library/Frameworks/Cocoa.framework; sourceTree = "<absolute>"; };
		13E42FB307B3F0F600E4EEF1 /* CoreData.framework */ = {isa = PBXFileReference; lastKnownFileType = wrapper.framework; name = CoreData.framework; path = /System/Library/Frameworks/CoreData.framework; sourceTree = "<absolute>"; };
		1DDD58150DA1D0A300B32029 /* English */ = {isa = PBXFileReference; lastKnownFileType = file.xib; name = English; path = English.lproj/MainMenu.xib; sourceTree = "<group>"; };
		256AC3D80F4B6AC300CF3369 /* AtomicityAppDelegate.h */ = {isa = PBXFileReference; fileEncoding = 4; lastKnownFileType = sourcecode.c.h; path = AtomicityAppDelegate.h; sourceTree = "<group>"; };
		256AC3D90F4B6AC300CF3369 /* AtomicityAppDelegate.m */ = {isa = PBXFileReference; fileEncoding = 4; lastKnownFileType = sourcecode.c.objc; path = AtomicityAppDelegate.m; sourceTree = "<group>"; };
		256AC3F00F4B6AF500CF3369 /* Atomicity_Prefix.pch */ = {isa = PBXFileReference; fileEncoding = 4; lastKnownFileType = sourcecode.c.h; path = Atomicity_Prefix.pch; sourceTree = "<group>"; };
		29B97316FDCFA39411CA2CEA /* main.m */ = {isa = PBXFileReference; fileEncoding = 4; lastKnownFileType = sourcecode.c.objc; path = main.m; sourceTree = "<group>"; };
		29B97324FDCFA39411CA2CEA /* AppKit.framework */ = {isa = PBXFileReference; lastKnownFileType = wrapper.framework; name = AppKit.framework; path = /System/Library/Frameworks/AppKit.framework; sourceTree = "<absolute>"; };
		29B97325FDCFA39411CA2CEA /* Foundation.framework */ = {isa = PBXFileReference; lastKnownFileType = wrapper.framework; name = Foundation.framework; path = /System/Library/Frameworks/Foundation.framework; sourceTree = "<absolute>"; };
		83599F9A13FE0F8400AC37E3 /* WebKit.framework */ = {isa = PBXFileReference; lastKnownFileType = wrapper.framework; name = WebKit.framework; path = System/Library/Frameworks/WebKit.framework; sourceTree = SDKROOT; };
		83599FED13FE15F800AC37E3 /* index.html */ = {isa = PBXFileReference; fileEncoding = 4; lastKnownFileType = text.html; name = index.html; path = HTML/index.html; sourceTree = "<group>"; };
		8359A04B13FE18FD00AC37E3 /* gh.png */ = {isa = PBXFileReference; lastKnownFileType = image.png; name = gh.png; path = HTML/gh.png; sourceTree = "<group>"; };
		8359A60613FE1FCA00AC37E3 /* ace-uncompressed.js */ = {isa = PBXFileReference; fileEncoding = 4; lastKnownFileType = sourcecode.javascript; name = "ace-uncompressed.js"; path = "HTML/ace/ace-uncompressed.js"; sourceTree = "<group>"; };
		8359A60713FE1FCA00AC37E3 /* ace.js */ = {isa = PBXFileReference; fileEncoding = 4; lastKnownFileType = sourcecode.javascript; name = ace.js; path = HTML/ace/ace.js; sourceTree = "<group>"; };
		8359A60813FE1FCA00AC37E3 /* keybinding-emacs.js */ = {isa = PBXFileReference; fileEncoding = 4; lastKnownFileType = sourcecode.javascript; name = "keybinding-emacs.js"; path = "HTML/ace/keybinding-emacs.js"; sourceTree = "<group>"; };
		8359A60913FE1FCA00AC37E3 /* keybinding-vim.js */ = {isa = PBXFileReference; fileEncoding = 4; lastKnownFileType = sourcecode.javascript; name = "keybinding-vim.js"; path = "HTML/ace/keybinding-vim.js"; sourceTree = "<group>"; };
		8359A60A13FE1FCA00AC37E3 /* mode-c_cpp.js */ = {isa = PBXFileReference; fileEncoding = 4; lastKnownFileType = sourcecode.javascript; name = "mode-c_cpp.js"; path = "HTML/ace/mode-c_cpp.js"; sourceTree = "<group>"; };
		8359A60B13FE1FCA00AC37E3 /* mode-clojure.js */ = {isa = PBXFileReference; fileEncoding = 4; lastKnownFileType = sourcecode.javascript; name = "mode-clojure.js"; path = "HTML/ace/mode-clojure.js"; sourceTree = "<group>"; };
		8359A60C13FE1FCA00AC37E3 /* mode-coffee.js */ = {isa = PBXFileReference; fileEncoding = 4; lastKnownFileType = sourcecode.javascript; name = "mode-coffee.js"; path = "HTML/ace/mode-coffee.js"; sourceTree = "<group>"; };
		8359A60D13FE1FCA00AC37E3 /* mode-csharp.js */ = {isa = PBXFileReference; fileEncoding = 4; lastKnownFileType = sourcecode.javascript; name = "mode-csharp.js"; path = "HTML/ace/mode-csharp.js"; sourceTree = "<group>"; };
		8359A60E13FE1FCA00AC37E3 /* mode-css.js */ = {isa = PBXFileReference; fileEncoding = 4; lastKnownFileType = sourcecode.javascript; name = "mode-css.js"; path = "HTML/ace/mode-css.js"; sourceTree = "<group>"; };
		8359A60F13FE1FCA00AC37E3 /* mode-groovy.js */ = {isa = PBXFileReference; fileEncoding = 4; lastKnownFileType = sourcecode.javascript; name = "mode-groovy.js"; path = "HTML/ace/mode-groovy.js"; sourceTree = "<group>"; };
		8359A61013FE1FCA00AC37E3 /* mode-html.js */ = {isa = PBXFileReference; fileEncoding = 4; lastKnownFileType = sourcecode.javascript; name = "mode-html.js"; path = "HTML/ace/mode-html.js"; sourceTree = "<group>"; };
		8359A61113FE1FCA00AC37E3 /* mode-java.js */ = {isa = PBXFileReference; fileEncoding = 4; lastKnownFileType = sourcecode.javascript; name = "mode-java.js"; path = "HTML/ace/mode-java.js"; sourceTree = "<group>"; };
		8359A61213FE1FCA00AC37E3 /* mode-javascript.js */ = {isa = PBXFileReference; fileEncoding = 4; lastKnownFileType = sourcecode.javascript; name = "mode-javascript.js"; path = "HTML/ace/mode-javascript.js"; sourceTree = "<group>"; };
		8359A61313FE1FCA00AC37E3 /* mode-json.js */ = {isa = PBXFileReference; fileEncoding = 4; lastKnownFileType = sourcecode.javascript; name = "mode-json.js"; path = "HTML/ace/mode-json.js"; sourceTree = "<group>"; };
		8359A61413FE1FCA00AC37E3 /* mode-markdown.js */ = {isa = PBXFileReference; fileEncoding = 4; lastKnownFileType = sourcecode.javascript; name = "mode-markdown.js"; path = "HTML/ace/mode-markdown.js"; sourceTree = "<group>"; };
		8359A61513FE1FCA00AC37E3 /* mode-ocaml.js */ = {isa = PBXFileReference; fileEncoding = 4; lastKnownFileType = sourcecode.javascript; name = "mode-ocaml.js"; path = "HTML/ace/mode-ocaml.js"; sourceTree = "<group>"; };
		8359A61613FE1FCA00AC37E3 /* mode-perl.js */ = {isa = PBXFileReference; fileEncoding = 4; lastKnownFileType = sourcecode.javascript; name = "mode-perl.js"; path = "HTML/ace/mode-perl.js"; sourceTree = "<group>"; };
		8359A61713FE1FCA00AC37E3 /* mode-php.js */ = {isa = PBXFileReference; fileEncoding = 4; lastKnownFileType = sourcecode.javascript; name = "mode-php.js"; path = "HTML/ace/mode-php.js"; sourceTree = "<group>"; };
		8359A61813FE1FCA00AC37E3 /* mode-python.js */ = {isa = PBXFileReference; fileEncoding = 4; lastKnownFileType = sourcecode.javascript; name = "mode-python.js"; path = "HTML/ace/mode-python.js"; sourceTree = "<group>"; };
		8359A61913FE1FCA00AC37E3 /* mode-ruby.js */ = {isa = PBXFileReference; fileEncoding = 4; lastKnownFileType = sourcecode.javascript; name = "mode-ruby.js"; path = "HTML/ace/mode-ruby.js"; sourceTree = "<group>"; };
		8359A61A13FE1FCA00AC37E3 /* mode-scad.js */ = {isa = PBXFileReference; fileEncoding = 4; lastKnownFileType = sourcecode.javascript; name = "mode-scad.js"; path = "HTML/ace/mode-scad.js"; sourceTree = "<group>"; };
		8359A61B13FE1FCA00AC37E3 /* mode-scala.js */ = {isa = PBXFileReference; fileEncoding = 4; lastKnownFileType = sourcecode.javascript; name = "mode-scala.js"; path = "HTML/ace/mode-scala.js"; sourceTree = "<group>"; };
		8359A61C13FE1FCA00AC37E3 /* mode-scss.js */ = {isa = PBXFileReference; fileEncoding = 4; lastKnownFileType = sourcecode.javascript; name = "mode-scss.js"; path = "HTML/ace/mode-scss.js"; sourceTree = "<group>"; };
		8359A61D13FE1FCA00AC37E3 /* mode-svg.js */ = {isa = PBXFileReference; fileEncoding = 4; lastKnownFileType = sourcecode.javascript; name = "mode-svg.js"; path = "HTML/ace/mode-svg.js"; sourceTree = "<group>"; };
		8359A61E13FE1FCA00AC37E3 /* mode-textile.js */ = {isa = PBXFileReference; fileEncoding = 4; lastKnownFileType = sourcecode.javascript; name = "mode-textile.js"; path = "HTML/ace/mode-textile.js"; sourceTree = "<group>"; };
		8359A61F13FE1FCA00AC37E3 /* mode-xml.js */ = {isa = PBXFileReference; fileEncoding = 4; lastKnownFileType = sourcecode.javascript; name = "mode-xml.js"; path = "HTML/ace/mode-xml.js"; sourceTree = "<group>"; };
		8359A62D13FE1FCA00AC37E3 /* theme-solarized_dark.js */ = {isa = PBXFileReference; fileEncoding = 4; lastKnownFileType = sourcecode.javascript; name = "theme-solarized_dark.js"; path = "HTML/ace/theme-solarized_dark.js"; sourceTree = "<group>"; };
		8359A62E13FE1FCA00AC37E3 /* theme-solarized_light.js */ = {isa = PBXFileReference; fileEncoding = 4; lastKnownFileType = sourcecode.javascript; name = "theme-solarized_light.js"; path = "HTML/ace/theme-solarized_light.js"; sourceTree = "<group>"; };
		8359A62F13FE1FCA00AC37E3 /* theme-textmate.js */ = {isa = PBXFileReference; fileEncoding = 4; lastKnownFileType = sourcecode.javascript; name = "theme-textmate.js"; path = "HTML/ace/theme-textmate.js"; sourceTree = "<group>"; };
		8359A63013FE1FCA00AC37E3 /* theme-twilight.js */ = {isa = PBXFileReference; fileEncoding = 4; lastKnownFileType = sourcecode.javascript; name = "theme-twilight.js"; path = "HTML/ace/theme-twilight.js"; sourceTree = "<group>"; };
		8359A63113FE1FCA00AC37E3 /* theme-vibrant_ink.js */ = {isa = PBXFileReference; fileEncoding = 4; lastKnownFileType = sourcecode.javascript; name = "theme-vibrant_ink.js"; path = "HTML/ace/theme-vibrant_ink.js"; sourceTree = "<group>"; };
		8359A63213FE1FCA00AC37E3 /* worker-coffee.js */ = {isa = PBXFileReference; fileEncoding = 4; lastKnownFileType = sourcecode.javascript; name = "worker-coffee.js"; path = "HTML/ace/worker-coffee.js"; sourceTree = "<group>"; };
		8359A63313FE1FCA00AC37E3 /* worker-css.js */ = {isa = PBXFileReference; fileEncoding = 4; lastKnownFileType = sourcecode.javascript; name = "worker-css.js"; path = "HTML/ace/worker-css.js"; sourceTree = "<group>"; };
		8359A63413FE1FCA00AC37E3 /* worker-javascript.js */ = {isa = PBXFileReference; fileEncoding = 4; lastKnownFileType = sourcecode.javascript; name = "worker-javascript.js"; path = "HTML/ace/worker-javascript.js"; sourceTree = "<group>"; };
		8359A6ED13FE26DA00AC37E3 /* JavaScriptCore.framework */ = {isa = PBXFileReference; lastKnownFileType = wrapper.framework; name = JavaScriptCore.framework; path = System/Library/Frameworks/JavaScriptCore.framework; sourceTree = SDKROOT; };
		8359A6F813FE270F00AC37E3 /* BridgeSupportController.h */ = {isa = PBXFileReference; fileEncoding = 4; lastKnownFileType = sourcecode.c.h; path = BridgeSupportController.h; sourceTree = "<group>"; };
		8359A6F913FE270F00AC37E3 /* BridgeSupportController.m */ = {isa = PBXFileReference; fileEncoding = 4; lastKnownFileType = sourcecode.c.objc; path = BridgeSupportController.m; sourceTree = "<group>"; };
		8359A6FA13FE270F00AC37E3 /* class.js */ = {isa = PBXFileReference; fileEncoding = 4; lastKnownFileType = sourcecode.javascript; path = class.js; sourceTree = "<group>"; };
		8359A71313FE270F00AC37E3 /* JSCocoa.h */ = {isa = PBXFileReference; fileEncoding = 4; lastKnownFileType = sourcecode.c.h; path = JSCocoa.h; sourceTree = "<group>"; };
		8359A71713FE270F00AC37E3 /* JSCocoaController.h */ = {isa = PBXFileReference; fileEncoding = 4; lastKnownFileType = sourcecode.c.h; path = JSCocoaController.h; sourceTree = "<group>"; };
		8359A71813FE270F00AC37E3 /* JSCocoaController.m */ = {isa = PBXFileReference; fileEncoding = 4; lastKnownFileType = sourcecode.c.objc; path = JSCocoaController.m; sourceTree = "<group>"; };
		8359A71913FE270F00AC37E3 /* JSCocoaFFIArgument.h */ = {isa = PBXFileReference; fileEncoding = 4; lastKnownFileType = sourcecode.c.h; path = JSCocoaFFIArgument.h; sourceTree = "<group>"; };
		8359A71A13FE270F00AC37E3 /* JSCocoaFFIArgument.m */ = {isa = PBXFileReference; fileEncoding = 4; lastKnownFileType = sourcecode.c.objc; path = JSCocoaFFIArgument.m; sourceTree = "<group>"; };
		8359A71B13FE270F00AC37E3 /* JSCocoaFFIClosure.h */ = {isa = PBXFileReference; fileEncoding = 4; lastKnownFileType = sourcecode.c.h; path = JSCocoaFFIClosure.h; sourceTree = "<group>"; };
		8359A71C13FE270F00AC37E3 /* JSCocoaFFIClosure.m */ = {isa = PBXFileReference; fileEncoding = 4; lastKnownFileType = sourcecode.c.objc; path = JSCocoaFFIClosure.m; sourceTree = "<group>"; };
		8359A71D13FE270F00AC37E3 /* JSCocoaLib.h */ = {isa = PBXFileReference; fileEncoding = 4; lastKnownFileType = sourcecode.c.h; path = JSCocoaLib.h; sourceTree = "<group>"; };
		8359A71E13FE270F00AC37E3 /* JSCocoaLib.m */ = {isa = PBXFileReference; fileEncoding = 4; lastKnownFileType = sourcecode.c.objc; path = JSCocoaLib.m; sourceTree = "<group>"; };
		8359A71F13FE270F00AC37E3 /* JSCocoaPrivateObject.h */ = {isa = PBXFileReference; fileEncoding = 4; lastKnownFileType = sourcecode.c.h; path = JSCocoaPrivateObject.h; sourceTree = "<group>"; };
		8359A72013FE270F00AC37E3 /* JSCocoaPrivateObject.m */ = {isa = PBXFileReference; fileEncoding = 4; lastKnownFileType = sourcecode.c.objc; path = JSCocoaPrivateObject.m; sourceTree = "<group>"; };
		8359A72113FE270F00AC37E3 /* jslint-jscocoa.js */ = {isa = PBXFileReference; fileEncoding = 4; lastKnownFileType = sourcecode.javascript; path = "jslint-jscocoa.js"; sourceTree = "<group>"; };
		8393431113FE39D800EF93FB /* underscore.js */ = {isa = PBXFileReference; fileEncoding = 4; lastKnownFileType = sourcecode.javascript; name = underscore.js; path = HTML/underscore.js; sourceTree = "<group>"; };
		8D1107310486CEB800E47090 /* Atomicity-Info.plist */ = {isa = PBXFileReference; fileEncoding = 4; lastKnownFileType = text.plist.xml; path = "Atomicity-Info.plist"; sourceTree = "<group>"; };
		8D1107320486CEB800E47090 /* Atomicity.app */ = {isa = PBXFileReference; explicitFileType = wrapper.application; includeInIndex = 0; path = Atomicity.app; sourceTree = BUILT_PRODUCTS_DIR; };
/* End PBXFileReference section */

/* Begin PBXFrameworksBuildPhase section */
		8D11072E0486CEB800E47090 /* Frameworks */ = {
			isa = PBXFrameworksBuildPhase;
			buildActionMask = 2147483647;
			files = (
				8D11072F0486CEB800E47090 /* Cocoa.framework in Frameworks */,
				83599F9B13FE0F8400AC37E3 /* WebKit.framework in Frameworks */,
				8359A6EE13FE26DA00AC37E3 /* JavaScriptCore.framework in Frameworks */,
			);
			runOnlyForDeploymentPostprocessing = 0;
		};
/* End PBXFrameworksBuildPhase section */

/* Begin PBXGroup section */
		080E96DDFE201D6D7F000001 /* Classes */ = {
			isa = PBXGroup;
			children = (
				256AC3D80F4B6AC300CF3369 /* AtomicityAppDelegate.h */,
				256AC3D90F4B6AC300CF3369 /* AtomicityAppDelegate.m */,
			);
			name = Classes;
			sourceTree = "<group>";
		};
		1058C7A0FEA54F0111CA2CBB /* Linked Frameworks */ = {
			isa = PBXGroup;
			children = (
				1058C7A1FEA54F0111CA2CBB /* Cocoa.framework */,
				83599F9A13FE0F8400AC37E3 /* WebKit.framework */,
				8359A6ED13FE26DA00AC37E3 /* JavaScriptCore.framework */,
			);
			name = "Linked Frameworks";
			sourceTree = "<group>";
		};
		1058C7A2FEA54F0111CA2CBB /* Other Frameworks */ = {
			isa = PBXGroup;
			children = (
				29B97324FDCFA39411CA2CEA /* AppKit.framework */,
				13E42FB307B3F0F600E4EEF1 /* CoreData.framework */,
				29B97325FDCFA39411CA2CEA /* Foundation.framework */,
			);
			name = "Other Frameworks";
			sourceTree = "<group>";
		};
		19C28FACFE9D520D11CA2CBB /* Products */ = {
			isa = PBXGroup;
			children = (
				8D1107320486CEB800E47090 /* Atomicity.app */,
			);
			name = Products;
			sourceTree = "<group>";
		};
		29B97314FDCFA39411CA2CEA /* Atomicity */ = {
			isa = PBXGroup;
			children = (
				83599FEB13FE15E100AC37E3 /* HTML */,
				080E96DDFE201D6D7F000001 /* Classes */,
				29B97315FDCFA39411CA2CEA /* Other Sources */,
				29B97317FDCFA39411CA2CEA /* Resources */,
				8359A6F713FE270F00AC37E3 /* JSCocoa */,
				29B97323FDCFA39411CA2CEA /* Frameworks */,
				19C28FACFE9D520D11CA2CBB /* Products */,
			);
			name = Atomicity;
			sourceTree = "<group>";
		};
		29B97315FDCFA39411CA2CEA /* Other Sources */ = {
			isa = PBXGroup;
			children = (
				256AC3F00F4B6AF500CF3369 /* Atomicity_Prefix.pch */,
				29B97316FDCFA39411CA2CEA /* main.m */,
			);
			name = "Other Sources";
			sourceTree = "<group>";
		};
		29B97317FDCFA39411CA2CEA /* Resources */ = {
			isa = PBXGroup;
			children = (
				8D1107310486CEB800E47090 /* Atomicity-Info.plist */,
				089C165CFE840E0CC02AAC07 /* InfoPlist.strings */,
				1DDD58140DA1D0A300B32029 /* MainMenu.xib */,
			);
			name = Resources;
			sourceTree = "<group>";
		};
		29B97323FDCFA39411CA2CEA /* Frameworks */ = {
			isa = PBXGroup;
			children = (
				1058C7A0FEA54F0111CA2CBB /* Linked Frameworks */,
				1058C7A2FEA54F0111CA2CBB /* Other Frameworks */,
			);
			name = Frameworks;
			sourceTree = "<group>";
		};
		83599FEB13FE15E100AC37E3 /* HTML */ = {
			isa = PBXGroup;
			children = (
				8359A60213FE1FBF00AC37E3 /* ace */,
				8359A04B13FE18FD00AC37E3 /* gh.png */,
				83599FED13FE15F800AC37E3 /* index.html */,
				8393431113FE39D800EF93FB /* underscore.js */,
			);
			name = HTML;
			sourceTree = "<group>";
		};
		8359A60213FE1FBF00AC37E3 /* ace */ = {
			isa = PBXGroup;
			children = (
				8359A60613FE1FCA00AC37E3 /* ace-uncompressed.js */,
				8359A60713FE1FCA00AC37E3 /* ace.js */,
				8359A60813FE1FCA00AC37E3 /* keybinding-emacs.js */,
				8359A60913FE1FCA00AC37E3 /* keybinding-vim.js */,
				8359A60A13FE1FCA00AC37E3 /* mode-c_cpp.js */,
				8359A60B13FE1FCA00AC37E3 /* mode-clojure.js */,
				8359A60C13FE1FCA00AC37E3 /* mode-coffee.js */,
				8359A60D13FE1FCA00AC37E3 /* mode-csharp.js */,
				8359A60E13FE1FCA00AC37E3 /* mode-css.js */,
				8359A60F13FE1FCA00AC37E3 /* mode-groovy.js */,
				8359A61013FE1FCA00AC37E3 /* mode-html.js */,
				8359A61113FE1FCA00AC37E3 /* mode-java.js */,
				8359A61213FE1FCA00AC37E3 /* mode-javascript.js */,
				8359A61313FE1FCA00AC37E3 /* mode-json.js */,
				8359A61413FE1FCA00AC37E3 /* mode-markdown.js */,
				8359A61513FE1FCA00AC37E3 /* mode-ocaml.js */,
				8359A61613FE1FCA00AC37E3 /* mode-perl.js */,
				8359A61713FE1FCA00AC37E3 /* mode-php.js */,
				8359A61813FE1FCA00AC37E3 /* mode-python.js */,
				8359A61913FE1FCA00AC37E3 /* mode-ruby.js */,
				8359A61A13FE1FCA00AC37E3 /* mode-scad.js */,
				8359A61B13FE1FCA00AC37E3 /* mode-scala.js */,
				8359A61C13FE1FCA00AC37E3 /* mode-scss.js */,
				8359A61D13FE1FCA00AC37E3 /* mode-svg.js */,
				8359A61E13FE1FCA00AC37E3 /* mode-textile.js */,
				8359A61F13FE1FCA00AC37E3 /* mode-xml.js */,
				8359A62D13FE1FCA00AC37E3 /* theme-solarized_dark.js */,
				8359A62E13FE1FCA00AC37E3 /* theme-solarized_light.js */,
				8359A62F13FE1FCA00AC37E3 /* theme-textmate.js */,
				8359A63013FE1FCA00AC37E3 /* theme-twilight.js */,
				8359A63113FE1FCA00AC37E3 /* theme-vibrant_ink.js */,
				8359A63213FE1FCA00AC37E3 /* worker-coffee.js */,
				8359A63313FE1FCA00AC37E3 /* worker-css.js */,
				8359A63413FE1FCA00AC37E3 /* worker-javascript.js */,
			);
			name = ace;
			sourceTree = "<group>";
		};
		8359A6F713FE270F00AC37E3 /* JSCocoa */ = {
			isa = PBXGroup;
			children = (
				8359A6F813FE270F00AC37E3 /* BridgeSupportController.h */,
				8359A6F913FE270F00AC37E3 /* BridgeSupportController.m */,
				8359A6FA13FE270F00AC37E3 /* class.js */,
				8359A71313FE270F00AC37E3 /* JSCocoa.h */,
				8359A71713FE270F00AC37E3 /* JSCocoaController.h */,
				8359A71813FE270F00AC37E3 /* JSCocoaController.m */,
				8359A71913FE270F00AC37E3 /* JSCocoaFFIArgument.h */,
				8359A71A13FE270F00AC37E3 /* JSCocoaFFIArgument.m */,
				8359A71B13FE270F00AC37E3 /* JSCocoaFFIClosure.h */,
				8359A71C13FE270F00AC37E3 /* JSCocoaFFIClosure.m */,
				8359A71D13FE270F00AC37E3 /* JSCocoaLib.h */,
				8359A71E13FE270F00AC37E3 /* JSCocoaLib.m */,
				8359A71F13FE270F00AC37E3 /* JSCocoaPrivateObject.h */,
				8359A72013FE270F00AC37E3 /* JSCocoaPrivateObject.m */,
				8359A72113FE270F00AC37E3 /* jslint-jscocoa.js */,
			);
			path = JSCocoa;
			sourceTree = "<group>";
		};
/* End PBXGroup section */

/* Begin PBXNativeTarget section */
		8D1107260486CEB800E47090 /* Atomicity */ = {
			isa = PBXNativeTarget;
			buildConfigurationList = C01FCF4A08A954540054247B /* Build configuration list for PBXNativeTarget "Atomicity" */;
			buildPhases = (
				8D1107290486CEB800E47090 /* Resources */,
				8D11072C0486CEB800E47090 /* Sources */,
				8D11072E0486CEB800E47090 /* Frameworks */,
				8393439613FE480600EF93FB /* Compile CoffeeScript */,
			);
			buildRules = (
			);
			dependencies = (
			);
			name = Atomicity;
			productInstallPath = "$(HOME)/Applications";
			productName = Atomicity;
			productReference = 8D1107320486CEB800E47090 /* Atomicity.app */;
			productType = "com.apple.product-type.application";
		};
/* End PBXNativeTarget section */

/* Begin PBXProject section */
		29B97313FDCFA39411CA2CEA /* Project object */ = {
			isa = PBXProject;
			buildConfigurationList = C01FCF4E08A954540054247B /* Build configuration list for PBXProject "Atomicity" */;
			compatibilityVersion = "Xcode 3.1";
			developmentRegion = English;
			hasScannedForEncodings = 1;
			knownRegions = (
				English,
				Japanese,
				French,
				German,
			);
			mainGroup = 29B97314FDCFA39411CA2CEA /* Atomicity */;
			projectDirPath = "";
			projectRoot = "";
			targets = (
				8D1107260486CEB800E47090 /* Atomicity */,
			);
		};
/* End PBXProject section */

/* Begin PBXResourcesBuildPhase section */
		8D1107290486CEB800E47090 /* Resources */ = {
			isa = PBXResourcesBuildPhase;
			buildActionMask = 2147483647;
			files = (
				8393431313FE39E100EF93FB /* underscore.js in Resources */,
				8D11072B0486CEB800E47090 /* InfoPlist.strings in Resources */,
				1DDD58160DA1D0A300B32029 /* MainMenu.xib in Resources */,
				83599FEE13FE15F800AC37E3 /* index.html in Resources */,
				8359A04C13FE18FD00AC37E3 /* gh.png in Resources */,
				8359A66413FE1FE900AC37E3 /* ace-uncompressed.js in Resources */,
				8359A66513FE1FE900AC37E3 /* ace.js in Resources */,
				8359A66613FE1FE900AC37E3 /* keybinding-emacs.js in Resources */,
				8359A66713FE1FE900AC37E3 /* keybinding-vim.js in Resources */,
				8359A66813FE1FE900AC37E3 /* mode-c_cpp.js in Resources */,
				8359A66913FE1FE900AC37E3 /* mode-clojure.js in Resources */,
				8359A66A13FE1FE900AC37E3 /* mode-coffee.js in Resources */,
				8359A66B13FE1FE900AC37E3 /* mode-csharp.js in Resources */,
				8359A66C13FE1FE900AC37E3 /* mode-css.js in Resources */,
				8359A66D13FE1FE900AC37E3 /* mode-groovy.js in Resources */,
				8359A66E13FE1FE900AC37E3 /* mode-html.js in Resources */,
				8359A66F13FE1FE900AC37E3 /* mode-java.js in Resources */,
				8359A67013FE1FE900AC37E3 /* mode-javascript.js in Resources */,
				8359A67113FE1FE900AC37E3 /* mode-json.js in Resources */,
				8359A67213FE1FE900AC37E3 /* mode-markdown.js in Resources */,
				8359A67313FE1FE900AC37E3 /* mode-ocaml.js in Resources */,
				8359A67413FE1FE900AC37E3 /* mode-perl.js in Resources */,
				8359A67513FE1FE900AC37E3 /* mode-php.js in Resources */,
				8359A67613FE1FE900AC37E3 /* mode-python.js in Resources */,
				8359A67713FE1FE900AC37E3 /* mode-ruby.js in Resources */,
				8359A67813FE1FE900AC37E3 /* mode-scad.js in Resources */,
				8359A67913FE1FE900AC37E3 /* mode-scala.js in Resources */,
				8359A67A13FE1FE900AC37E3 /* mode-scss.js in Resources */,
				8359A67B13FE1FE900AC37E3 /* mode-svg.js in Resources */,
				8359A67C13FE1FE900AC37E3 /* mode-textile.js in Resources */,
				8359A67D13FE1FE900AC37E3 /* mode-xml.js in Resources */,
				8359A68B13FE1FE900AC37E3 /* theme-solarized_dark.js in Resources */,
				8359A68C13FE1FE900AC37E3 /* theme-solarized_light.js in Resources */,
				8359A68D13FE1FE900AC37E3 /* theme-textmate.js in Resources */,
				8359A68E13FE1FE900AC37E3 /* theme-twilight.js in Resources */,
				8359A68F13FE1FE900AC37E3 /* theme-vibrant_ink.js in Resources */,
				8359A69013FE1FE900AC37E3 /* worker-coffee.js in Resources */,
				8359A69113FE1FE900AC37E3 /* worker-css.js in Resources */,
				8359A69213FE1FE900AC37E3 /* worker-javascript.js in Resources */,
			);
			runOnlyForDeploymentPostprocessing = 0;
		};
/* End PBXResourcesBuildPhase section */

/* Begin PBXShellScriptBuildPhase section */
		8393439613FE480600EF93FB /* Compile CoffeeScript */ = {
			isa = PBXShellScriptBuildPhase;
			buildActionMask = 2147483647;
			files = (
			);
			inputPaths = (
			);
			name = "Compile CoffeeScript";
			outputPaths = (
			);
			runOnlyForDeploymentPostprocessing = 0;
			shellPath = /bin/sh;
			shellScript = "\"$PROJECT_DIR/script/compile.sh\"";
		};
/* End PBXShellScriptBuildPhase section */

/* Begin PBXSourcesBuildPhase section */
		8D11072C0486CEB800E47090 /* Sources */ = {
			isa = PBXSourcesBuildPhase;
			buildActionMask = 2147483647;
			files = (
				8D11072D0486CEB800E47090 /* main.m in Sources */,
				256AC3DA0F4B6AC300CF3369 /* AtomicityAppDelegate.m in Sources */,
				8359A72213FE270F00AC37E3 /* BridgeSupportController.m in Sources */,
				8359A72313FE270F00AC37E3 /* class.js in Sources */,
				8359A72F13FE270F00AC37E3 /* JSCocoaController.m in Sources */,
				8359A73013FE270F00AC37E3 /* JSCocoaFFIArgument.m in Sources */,
				8359A73113FE270F00AC37E3 /* JSCocoaFFIClosure.m in Sources */,
				8359A73213FE270F00AC37E3 /* JSCocoaLib.m in Sources */,
				8359A73313FE270F00AC37E3 /* JSCocoaPrivateObject.m in Sources */,
				8359A73413FE270F00AC37E3 /* jslint-jscocoa.js in Sources */,
				8393431213FE39D800EF93FB /* underscore.js in Sources */,
			);
			runOnlyForDeploymentPostprocessing = 0;
		};
/* End PBXSourcesBuildPhase section */

/* Begin PBXVariantGroup section */
		089C165CFE840E0CC02AAC07 /* InfoPlist.strings */ = {
			isa = PBXVariantGroup;
			children = (
				089C165DFE840E0CC02AAC07 /* English */,
			);
			name = InfoPlist.strings;
			sourceTree = "<group>";
		};
		1DDD58140DA1D0A300B32029 /* MainMenu.xib */ = {
			isa = PBXVariantGroup;
			children = (
				1DDD58150DA1D0A300B32029 /* English */,
			);
			name = MainMenu.xib;
			sourceTree = "<group>";
		};
/* End PBXVariantGroup section */

/* Begin XCBuildConfiguration section */
		C01FCF4B08A954540054247B /* Debug */ = {
			isa = XCBuildConfiguration;
			buildSettings = {
				ALWAYS_SEARCH_USER_PATHS = NO;
				COPY_PHASE_STRIP = NO;
				FRAMEWORK_SEARCH_PATHS = (
					"$(inherited)",
					"\"$(SRCROOT)\"",
				);
				GCC_DYNAMIC_NO_PIC = NO;
				GCC_ENABLE_FIX_AND_CONTINUE = YES;
				GCC_MODEL_TUNING = G5;
				GCC_OPTIMIZATION_LEVEL = 0;
				GCC_PRECOMPILE_PREFIX_HEADER = YES;
				GCC_PREFIX_HEADER = Atomicity_Prefix.pch;
				INFOPLIST_FILE = "Atomicity-Info.plist";
				INSTALL_PATH = "$(HOME)/Applications";
				PRODUCT_NAME = Atomicity;
			};
			name = Debug;
		};
		C01FCF4C08A954540054247B /* Release */ = {
			isa = XCBuildConfiguration;
			buildSettings = {
				ALWAYS_SEARCH_USER_PATHS = NO;
				DEBUG_INFORMATION_FORMAT = "dwarf-with-dsym";
				FRAMEWORK_SEARCH_PATHS = (
					"$(inherited)",
					"\"$(SRCROOT)\"",
				);
				GCC_MODEL_TUNING = G5;
				GCC_PRECOMPILE_PREFIX_HEADER = YES;
				GCC_PREFIX_HEADER = Atomicity_Prefix.pch;
				INFOPLIST_FILE = "Atomicity-Info.plist";
				INSTALL_PATH = "$(HOME)/Applications";
				PRODUCT_NAME = Atomicity;
			};
			name = Release;
		};
		C01FCF4F08A954540054247B /* Debug */ = {
			isa = XCBuildConfiguration;
			buildSettings = {
				ARCHS = "$(ARCHS_STANDARD_32_64_BIT)";
				GCC_C_LANGUAGE_STANDARD = gnu99;
				GCC_OPTIMIZATION_LEVEL = 0;
				GCC_WARN_ABOUT_RETURN_TYPE = YES;
				GCC_WARN_UNUSED_VARIABLE = YES;
				ONLY_ACTIVE_ARCH = YES;
				OTHER_LDFLAGS = (
					"-lxml2",
					"-lffi",
				);
				PREBINDING = NO;
				SDKROOT = macosx10.6;
			};
			name = Debug;
		};
		C01FCF5008A954540054247B /* Release */ = {
			isa = XCBuildConfiguration;
			buildSettings = {
				ARCHS = "$(ARCHS_STANDARD_32_64_BIT)";
				GCC_C_LANGUAGE_STANDARD = gnu99;
				GCC_WARN_ABOUT_RETURN_TYPE = YES;
				GCC_WARN_UNUSED_VARIABLE = YES;
				OTHER_LDFLAGS = (
					"-lxml2",
					"-lffi",
				);
				PREBINDING = NO;
				SDKROOT = macosx10.6;
			};
			name = Release;
		};
/* End XCBuildConfiguration section */

/* Begin XCConfigurationList section */
		C01FCF4A08A954540054247B /* Build configuration list for PBXNativeTarget "Atomicity" */ = {
			isa = XCConfigurationList;
			buildConfigurations = (
				C01FCF4B08A954540054247B /* Debug */,
				C01FCF4C08A954540054247B /* Release */,
			);
			defaultConfigurationIsVisible = 0;
			defaultConfigurationName = Release;
		};
		C01FCF4E08A954540054247B /* Build configuration list for PBXProject "Atomicity" */ = {
			isa = XCConfigurationList;
			buildConfigurations = (
				C01FCF4F08A954540054247B /* Debug */,
				C01FCF5008A954540054247B /* Release */,
			);
			defaultConfigurationIsVisible = 0;
			defaultConfigurationName = Release;
		};
/* End XCConfigurationList section */
	};
	rootObject = 29B97313FDCFA39411CA2CEA /* Project object */;
}
